
Microsoft Visual Studio Solution File, Format Version 12.00
# Visual Studio Version 17
VisualStudioVersion = 17.7.34009.444
MinimumVisualStudioVersion = 10.0.40219.1
Project("{FAE04EC0-301F-11D3-BF4B-00C04F79EFBC}") = "ClashOfClansAPI", "ClashOfClansAPI\ClashOfClansAPI.csproj", "{21397E01-F929-45A4-AA80-04455444AD99}"
EndProject
Global
	GlobalSection(SolutionConfigurationPlatforms) = preSolution
		Debug|Any CPU = Debug|Any CPU
		Release|Any CPU = Release|Any CPU
	EndGlobalSection
	GlobalSection(ProjectConfigurationPlatforms) = postSolution
		{21397E01-F929-45A4-AA80-04455444AD99}.Debug|Any CPU.ActiveCfg = Debug|Any CPU
		{21397E01-F929-45A4-AA80-04455444AD99}.Debug|Any CPU.Build.0 = Debug|Any CPU
		{21397E01-F929-45A4-AA80-04455444AD99}.Release|Any CPU.ActiveCfg = Release|Any CPU
		{21397E01-F929-45A4-AA80-04455444AD99}.Release|Any CPU.Build.0 = Release|Any CPU
	EndGlobalSection
	GlobalSection(SolutionProperties) = preSolution
		HideSolutionNode = FALSE
	EndGlobalSection
	GlobalSection(ExtensibilityGlobals) = postSolution
		SolutionGuid = {C7E83414-2A7B-4748-AFAC-C0553635CE8C}
	EndGlobalSection
EndGlobal
